// !$*UTF8*$!
{
	archiveVersion = 1;
	classes = {
	};
	objectVersion = 46;
	objects = {

/* Begin PBXBuildFile section */
		1949CD85FF546B98EDED3CCC /* Pods_UpdateHosts.framework in Frameworks */ = {isa = PBXBuildFile; fileRef = AE6F58E4BD3FA4BB7ADA02C9 /* Pods_UpdateHosts.framework */; };
		2224CC391D62E6C60055696D /* AppDelegate.swift in Sources */ = {isa = PBXBuildFile; fileRef = 2224CC381D62E6C60055696D /* AppDelegate.swift */; };
		2224CC3B1D62E6C60055696D /* ViewController.swift in Sources */ = {isa = PBXBuildFile; fileRef = 2224CC3A1D62E6C60055696D /* ViewController.swift */; };
		2224CC3E1D62E6C60055696D /* Main.storyboard in Resources */ = {isa = PBXBuildFile; fileRef = 2224CC3C1D62E6C60055696D /* Main.storyboard */; };
		2224CC401D62E6C60055696D /* Assets.xcassets in Resources */ = {isa = PBXBuildFile; fileRef = 2224CC3F1D62E6C60055696D /* Assets.xcassets */; };
		2224CC431D62E6C60055696D /* LaunchScreen.storyboard in Resources */ = {isa = PBXBuildFile; fileRef = 2224CC411D62E6C60055696D /* LaunchScreen.storyboard */; };
		2224CC4B1D62E84E0055696D /* DownloadHosts.swift in Sources */ = {isa = PBXBuildFile; fileRef = 2224CC4A1D62E84E0055696D /* DownloadHosts.swift */; };
		4CD1A2351D63489200B2BD4A /* HostsDetailController.swift in Sources */ = {isa = PBXBuildFile; fileRef = 4CD1A2341D63489200B2BD4A /* HostsDetailController.swift */; };
/* End PBXBuildFile section */

/* Begin PBXFileReference section */
		2224CC351D62E6C60055696D /* UpdateHosts.app */ = {isa = PBXFileReference; explicitFileType = wrapper.application; includeInIndex = 0; path = UpdateHosts.app; sourceTree = BUILT_PRODUCTS_DIR; };
		2224CC381D62E6C60055696D /* AppDelegate.swift */ = {isa = PBXFileReference; lastKnownFileType = sourcecode.swift; path = AppDelegate.swift; sourceTree = "<group>"; };
		2224CC3A1D62E6C60055696D /* ViewController.swift */ = {isa = PBXFileReference; lastKnownFileType = sourcecode.swift; path = ViewController.swift; sourceTree = "<group>"; };
		2224CC3D1D62E6C60055696D /* Base */ = {isa = PBXFileReference; lastKnownFileType = file.storyboard; name = Base; path = Base.lproj/Main.storyboard; sourceTree = "<group>"; };
		2224CC3F1D62E6C60055696D /* Assets.xcassets */ = {isa = PBXFileReference; lastKnownFileType = folder.assetcatalog; path = Assets.xcassets; sourceTree = "<group>"; };
		2224CC421D62E6C60055696D /* Base */ = {isa = PBXFileReference; lastKnownFileType = file.storyboard; name = Base; path = Base.lproj/LaunchScreen.storyboard; sourceTree = "<group>"; };
		2224CC441D62E6C60055696D /* Info.plist */ = {isa = PBXFileReference; lastKnownFileType = text.plist.xml; path = Info.plist; sourceTree = "<group>"; };
		2224CC4A1D62E84E0055696D /* DownloadHosts.swift */ = {isa = PBXFileReference; fileEncoding = 4; lastKnownFileType = sourcecode.swift; path = DownloadHosts.swift; sourceTree = "<group>"; };
		2A388F093EF0071FAFAB4858 /* Pods-UpdateHosts.release.xcconfig */ = {isa = PBXFileReference; includeInIndex = 1; lastKnownFileType = text.xcconfig; name = "Pods-UpdateHosts.release.xcconfig"; path = "Pods/Target Support Files/Pods-UpdateHosts/Pods-UpdateHosts.release.xcconfig"; sourceTree = "<group>"; };
		4CD1A2341D63489200B2BD4A /* HostsDetailController.swift */ = {isa = PBXFileReference; fileEncoding = 4; lastKnownFileType = sourcecode.swift; path = HostsDetailController.swift; sourceTree = "<group>"; };
		959267243338F20EFA1F6344 /* Pods-UpdateHosts.debug.xcconfig */ = {isa = PBXFileReference; includeInIndex = 1; lastKnownFileType = text.xcconfig; name = "Pods-UpdateHosts.debug.xcconfig"; path = "Pods/Target Support Files/Pods-UpdateHosts/Pods-UpdateHosts.debug.xcconfig"; sourceTree = "<group>"; };
		AE6F58E4BD3FA4BB7ADA02C9 /* Pods_UpdateHosts.framework */ = {isa = PBXFileReference; explicitFileType = wrapper.framework; includeInIndex = 0; path = Pods_UpdateHosts.framework; sourceTree = BUILT_PRODUCTS_DIR; };
/* End PBXFileReference section */

/* Begin PBXFrameworksBuildPhase section */
		2224CC321D62E6C60055696D /* Frameworks */ = {
			isa = PBXFrameworksBuildPhase;
			buildActionMask = 2147483647;
			files = (
				1949CD85FF546B98EDED3CCC /* Pods_UpdateHosts.framework in Frameworks */,
			);
			runOnlyForDeploymentPostprocessing = 0;
		};
/* End PBXFrameworksBuildPhase section */

/* Begin PBXGroup section */
		2224CC2C1D62E6C60055696D = {
			isa = PBXGroup;
			children = (
				2224CC371D62E6C60055696D /* UpdateHosts */,
				2224CC361D62E6C60055696D /* Products */,
				3D9116750FFC12F698202BC3 /* Pods */,
				BAA399DC317914F8EEB3CA84 /* Frameworks */,
			);
			sourceTree = "<group>";
		};
		2224CC361D62E6C60055696D /* Products */ = {
			isa = PBXGroup;
			children = (
				2224CC351D62E6C60055696D /* UpdateHosts.app */,
			);
			name = Products;
			sourceTree = "<group>";
		};
		2224CC371D62E6C60055696D /* UpdateHosts */ = {
			isa = PBXGroup;
			children = (
				2224CC4A1D62E84E0055696D /* DownloadHosts.swift */,
				2224CC381D62E6C60055696D /* AppDelegate.swift */,
				4CD1A2341D63489200B2BD4A /* HostsDetailController.swift */,
				2224CC3A1D62E6C60055696D /* ViewController.swift */,
				2224CC3C1D62E6C60055696D /* Main.storyboard */,
				2224CC3F1D62E6C60055696D /* Assets.xcassets */,
				2224CC411D62E6C60055696D /* LaunchScreen.storyboard */,
				2224CC441D62E6C60055696D /* Info.plist */,
			);
			path = UpdateHosts;
			sourceTree = "<group>";
		};
		3D9116750FFC12F698202BC3 /* Pods */ = {
			isa = PBXGroup;
			children = (
				959267243338F20EFA1F6344 /* Pods-UpdateHosts.debug.xcconfig */,
				2A388F093EF0071FAFAB4858 /* Pods-UpdateHosts.release.xcconfig */,
			);
			name = Pods;
			sourceTree = "<group>";
		};
		BAA399DC317914F8EEB3CA84 /* Frameworks */ = {
			isa = PBXGroup;
			children = (
				AE6F58E4BD3FA4BB7ADA02C9 /* Pods_UpdateHosts.framework */,
			);
			name = Frameworks;
			sourceTree = "<group>";
		};
/* End PBXGroup section */

/* Begin PBXNativeTarget section */
		2224CC341D62E6C60055696D /* UpdateHosts */ = {
			isa = PBXNativeTarget;
			buildConfigurationList = 2224CC471D62E6C60055696D /* Build configuration list for PBXNativeTarget "UpdateHosts" */;
			buildPhases = (
				2852A48BC119B001B55CEEF2 /* [CP] Check Pods Manifest.lock */,
				2224CC311D62E6C60055696D /* Sources */,
				2224CC321D62E6C60055696D /* Frameworks */,
				2224CC331D62E6C60055696D /* Resources */,
				51AA097A0E7073DD69D42165 /* [CP] Embed Pods Frameworks */,
				7407883655BC5D0511D24B29 /* [CP] Copy Pods Resources */,
			);
			buildRules = (
			);
			dependencies = (
			);
			name = UpdateHosts;
			productName = UpdateHosts;
			productReference = 2224CC351D62E6C60055696D /* UpdateHosts.app */;
			productType = "com.apple.product-type.application";
		};
/* End PBXNativeTarget section */

/* Begin PBXProject section */
		2224CC2D1D62E6C60055696D /* Project object */ = {
			isa = PBXProject;
			attributes = {
				LastSwiftUpdateCheck = 0730;
				LastUpgradeCheck = 0730;
				ORGANIZATIONNAME = MichaelMo;
				TargetAttributes = {
					2224CC341D62E6C60055696D = {
						CreatedOnToolsVersion = 7.3.1;
						DevelopmentTeam = 56ZJQ8WAX3;
					};
				};
			};
			buildConfigurationList = 2224CC301D62E6C60055696D /* Build configuration list for PBXProject "UpdateHosts" */;
			compatibilityVersion = "Xcode 3.2";
			developmentRegion = English;
			hasScannedForEncodings = 0;
			knownRegions = (
				en,
				Base,
			);
			mainGroup = 2224CC2C1D62E6C60055696D;
			productRefGroup = 2224CC361D62E6C60055696D /* Products */;
			projectDirPath = "";
			projectRoot = "";
			targets = (
				2224CC341D62E6C60055696D /* UpdateHosts */,
			);
		};
/* End PBXProject section */

/* Begin PBXResourcesBuildPhase section */
		2224CC331D62E6C60055696D /* Resources */ = {
			isa = PBXResourcesBuildPhase;
			buildActionMask = 2147483647;
			files = (
				2224CC431D62E6C60055696D /* LaunchScreen.storyboard in Resources */,
				2224CC401D62E6C60055696D /* Assets.xcassets in Resources */,
				2224CC3E1D62E6C60055696D /* Main.storyboard in Resources */,
			);
			runOnlyForDeploymentPostprocessing = 0;
		};
/* End PBXResourcesBuildPhase section */

/* Begin PBXShellScriptBuildPhase section */
		2852A48BC119B001B55CEEF2 /* [CP] Check Pods Manifest.lock */ = {
			isa = PBXShellScriptBuildPhase;
			buildActionMask = 2147483647;
			files = (
			);
			inputPaths = (
			);
			name = "[CP] Check Pods Manifest.lock";
			outputPaths = (
			);
			runOnlyForDeploymentPostprocessing = 0;
			shellPath = /bin/sh;
			shellScript = "diff \"${PODS_ROOT}/../Podfile.lock\" \"${PODS_ROOT}/Manifest.lock\" > /dev/null\nif [[ $? != 0 ]] ; then\n    cat << EOM\nerror: The sandbox is not in sync with the Podfile.lock. Run 'pod install' or update your CocoaPods installation.\nEOM\n    exit 1\nfi\n";
			showEnvVarsInLog = 0;
		};
		51AA097A0E7073DD69D42165 /* [CP] Embed Pods Frameworks */ = {
			isa = PBXShellScriptBuildPhase;
			buildActionMask = 2147483647;
			files = (
			);
			inputPaths = (
			);
			name = "[CP] Embed Pods Frameworks";
			outputPaths = (
			);
			runOnlyForDeploymentPostprocessing = 0;
			shellPath = /bin/sh;
			shellScript = "\"${SRCROOT}/Pods/Target Support Files/Pods-UpdateHosts/Pods-UpdateHosts-frameworks.sh\"\n";
			showEnvVarsInLog = 0;
		};
		7407883655BC5D0511D24B29 /* [CP] Copy Pods Resources */ = {
			isa = PBXShellScriptBuildPhase;
			buildActionMask = 2147483647;
			files = (
			);
			inputPaths = (
			);
			name = "[CP] Copy Pods Resources";
			outputPaths = (
			);
			runOnlyForDeploymentPostprocessing = 0;
			shellPath = /bin/sh;
			shellScript = "\"${SRCROOT}/Pods/Target Support Files/Pods-UpdateHosts/Pods-UpdateHosts-resources.sh\"\n";
			showEnvVarsInLog = 0;
		};
/* End PBXShellScriptBuildPhase section */

/* Begin PBXSourcesBuildPhase section */
		2224CC311D62E6C60055696D /* Sources */ = {
			isa = PBXSourcesBuildPhase;
			buildActionMask = 2147483647;
			files = (
				2224CC3B1D62E6C60055696D /* ViewController.swift in Sources */,
				2224CC4B1D62E84E0055696D /* DownloadHosts.swift in Sources */,
				4CD1A2351D63489200B2BD4A /* HostsDetailController.swift in Sources */,
				2224CC391D62E6C60055696D /* AppDelegate.swift in Sources */,
			);
			runOnlyForDeploymentPostprocessing = 0;
		};
/* End PBXSourcesBuildPhase section */

/* Begin PBXVariantGroup section */
		2224CC3C1D62E6C60055696D /* Main.storyboard */ = {
			isa = PBXVariantGroup;
			children = (
				2224CC3D1D62E6C60055696D /* Base */,
			);
			name = Main.storyboard;
			sourceTree = "<group>";
		};
		2224CC411D62E6C60055696D /* LaunchScreen.storyboard */ = {
			isa = PBXVariantGroup;
			children = (
				2224CC421D62E6C60055696D /* Base */,
			);
			name = LaunchScreen.storyboard;
			sourceTree = "<group>";
		};
/* End PBXVariantGroup section */

/* Begin XCBuildConfiguration section */
		2224CC451D62E6C60055696D /* Debug */ = {
			isa = XCBuildConfiguration;
			buildSettings = {
				ALWAYS_SEARCH_USER_PATHS = NO;
				CLANG_ANALYZER_NONNULL = YES;
				CLANG_CXX_LANGUAGE_STANDARD = "gnu++0x";
				CLANG_CXX_LIBRARY = "libc++";
				CLANG_ENABLE_MODULES = YES;
				CLANG_ENABLE_OBJC_ARC = YES;
				CLANG_WARN_BOOL_CONVERSION = YES;
				CLANG_WARN_CONSTANT_CONVERSION = YES;
				CLANG_WARN_DIRECT_OBJC_ISA_USAGE = YES_ERROR;
				CLANG_WARN_EMPTY_BODY = YES;
				CLANG_WARN_ENUM_CONVERSION = YES;
				CLANG_WARN_INT_CONVERSION = YES;
				CLANG_WARN_OBJC_ROOT_CLASS = YES_ERROR;
				CLANG_WARN_UNREACHABLE_CODE = YES;
				CLANG_WARN__DUPLICATE_METHOD_MATCH = YES;
				"CODE_SIGN_IDENTITY[sdk=iphoneos*]" = "iPhone Developer";
				COPY_PHASE_STRIP = NO;
				DEBUG_INFORMATION_FORMAT = dwarf;
				ENABLE_STRICT_OBJC_MSGSEND = YES;
				ENABLE_TESTABILITY = YES;
				GCC_C_LANGUAGE_STANDARD = gnu99;
				GCC_DYNAMIC_NO_PIC = NO;
				GCC_NO_COMMON_BLOCKS = YES;
				GCC_OPTIMIZATION_LEVEL = 0;
				GCC_PREPROCESSOR_DEFINITIONS = (
					"DEBUG=1",
					"$(inherited)",
				);
				GCC_WARN_64_TO_32_BIT_CONVERSION = YES;
				GCC_WARN_ABOUT_RETURN_TYPE = YES_ERROR;
				GCC_WARN_UNDECLARED_SELECTOR = YES;
				GCC_WARN_UNINITIALIZED_AUTOS = YES_AGGRESSIVE;
				GCC_WARN_UNUSED_FUNCTION = YES;
				GCC_WARN_UNUSED_VARIABLE = YES;
				IPHONEOS_DEPLOYMENT_TARGET = 9.3;
				MTL_ENABLE_DEBUG_INFO = YES;
				ONLY_ACTIVE_ARCH = YES;
				SDKROOT = iphoneos;
				SWIFT_OPTIMIZATION_LEVEL = "-Onone";
				TARGETED_DEVICE_FAMILY = "1,2";
			};
			name = Debug;
		};
		2224CC461D62E6C60055696D /* Release */ = {
			isa = XCBuildConfiguration;
			buildSettings = {
				ALWAYS_SEARCH_USER_PATHS = NO;
				CLANG_ANALYZER_NONNULL = YES;
				CLANG_CXX_LANGUAGE_STANDARD = "gnu++0x";
				CLANG_CXX_LIBRARY = "libc++";
				CLANG_ENABLE_MODULES = YES;
				CLANG_ENABLE_OBJC_ARC = YES;
				CLANG_WARN_BOOL_CONVERSION = YES;
				CLANG_WARN_CONSTANT_CONVERSION = YES;
				CLANG_WARN_DIRECT_OBJC_ISA_USAGE = YES_ERROR;
				CLANG_WARN_EMPTY_BODY = YES;
				CLANG_WARN_ENUM_CONVERSION = YES;
				CLANG_WARN_INT_CONVERSION = YES;
				CLANG_WARN_OBJC_ROOT_CLASS = YES_ERROR;
				CLANG_WARN_UNREACHABLE_CODE = YES;
				CLANG_WARN__DUPLICATE_METHOD_MATCH = YES;
				"CODE_SIGN_IDENTITY[sdk=iphoneos*]" = "iPhone Developer";
				COPY_PHASE_STRIP = NO;
				DEBUG_INFORMATION_FORMAT = "dwarf-with-dsym";
				ENABLE_NS_ASSERTIONS = NO;
				ENABLE_STRICT_OBJC_MSGSEND = YES;
				GCC_C_LANGUAGE_STANDARD = gnu99;
				GCC_NO_COMMON_BLOCKS = YES;
				GCC_WARN_64_TO_32_BIT_CONVERSION = YES;
				GCC_WARN_ABOUT_RETURN_TYPE = YES_ERROR;
				GCC_WARN_UNDECLARED_SELECTOR = YES;
				GCC_WARN_UNINITIALIZED_AUTOS = YES_AGGRESSIVE;
				GCC_WARN_UNUSED_FUNCTION = YES;
				GCC_WARN_UNUSED_VARIABLE = YES;
				IPHONEOS_DEPLOYMENT_TARGET = 9.3;
				MTL_ENABLE_DEBUG_INFO = NO;
				SDKROOT = iphoneos;
				TARGETED_DEVICE_FAMILY = "1,2";
				VALIDATE_PRODUCT = YES;
			};
			name = Release;
		};
		2224CC481D62E6C60055696D /* Debug */ = {
			isa = XCBuildConfiguration;
			baseConfigurationReference = 959267243338F20EFA1F6344 /* Pods-UpdateHosts.debug.xcconfig */;
			buildSettings = {
				ASSETCATALOG_COMPILER_APPICON_NAME = AppIcon;
				CODE_SIGN_IDENTITY = "iPhone Developer";
				"CODE_SIGN_IDENTITY[sdk=iphoneos*]" = "iPhone Developer";
				INFOPLIST_FILE = UpdateHosts/Info.plist;
				LD_RUNPATH_SEARCH_PATHS = "$(inherited) @executable_path/Frameworks";
				PRODUCT_BUNDLE_IDENTIFIER = org.Michael.UpdateHosts2;
				PRODUCT_NAME = "$(TARGET_NAME)";
				PROVISIONING_PROFILE = "";
			};
			name = Debug;
		};
		2224CC491D62E6C60055696D /* Release */ = {
			isa = XCBuildConfiguration;
			baseConfigurationReference = 2A388F093EF0071FAFAB4858 /* Pods-UpdateHosts.release.xcconfig */;
			buildSettings = {
				ASSETCATALOG_COMPILER_APPICON_NAME = AppIcon;
				CODE_SIGN_IDENTITY = "iPhone Developer";
				"CODE_SIGN_IDENTITY[sdk=iphoneos*]" = "iPhone Developer";
				INFOPLIST_FILE = UpdateHosts/Info.plist;
				LD_RUNPATH_SEARCH_PATHS = "$(inherited) @executable_path/Frameworks";
				PRODUCT_BUNDLE_IDENTIFIER = org.Michael.UpdateHosts2;
				PRODUCT_NAME = "$(TARGET_NAME)";
				PROVISIONING_PROFILE = "";
			};
			name = Release;
		};
/* End XCBuildConfiguration section */

/* Begin XCConfigurationList section */
		2224CC301D62E6C60055696D /* Build configuration list for PBXProject "UpdateHosts" */ = {
			isa = XCConfigurationList;
			buildConfigurations = (
				2224CC451D62E6C60055696D /* Debug */,
				2224CC461D62E6C60055696D /* Release */,
			);
			defaultConfigurationIsVisible = 0;
			defaultConfigurationName = Release;
		};
		2224CC471D62E6C60055696D /* Build configuration list for PBXNativeTarget "UpdateHosts" */ = {
			isa = XCConfigurationList;
			buildConfigurations = (
				2224CC481D62E6C60055696D /* Debug */,
				2224CC491D62E6C60055696D /* Release */,
			);
			defaultConfigurationIsVisible = 0;
			defaultConfigurationName = Release;
		};
/* End XCConfigurationList section */
	};
	rootObject = 2224CC2D1D62E6C60055696D /* Project object */;
}
